// !$*UTF8*$!
{
	archiveVersion = 1;
	classes = {
	};
	objectVersion = 46;
	objects = {

/* Begin PBXBuildFile section */
		D2CFCA601D13687700927D9F /* AppDelegate.swift in Sources */ = {isa = PBXBuildFile; fileRef = D2CFCA5F1D13687700927D9F /* AppDelegate.swift */; };
		D2CFCA621D13687700927D9F /* ViewController.swift in Sources */ = {isa = PBXBuildFile; fileRef = D2CFCA611D13687700927D9F /* ViewController.swift */; };
		D2CFCA651D13687700927D9F /* Main.storyboard in Resources */ = {isa = PBXBuildFile; fileRef = D2CFCA631D13687700927D9F /* Main.storyboard */; };
		D2CFCA671D13687700927D9F /* Assets.xcassets in Resources */ = {isa = PBXBuildFile; fileRef = D2CFCA661D13687700927D9F /* Assets.xcassets */; };
		D2CFCA721D13687700927D9F /* TestingTests.swift in Sources */ = {isa = PBXBuildFile; fileRef = D2CFCA711D13687700927D9F /* TestingTests.swift */; };
/* End PBXBuildFile section */

/* Begin PBXContainerItemProxy section */
		D2CFCA6E1D13687700927D9F /* PBXContainerItemProxy */ = {
			isa = PBXContainerItemProxy;
			containerPortal = D2CFCA541D13687700927D9F /* Project object */;
			proxyType = 1;
			remoteGlobalIDString = D2CFCA5B1D13687700927D9F;
			remoteInfo = Testing;
		};
/* End PBXContainerItemProxy section */

/* Begin PBXFileReference section */
		D2CFCA5C1D13687700927D9F /* Testing.app */ = {isa = PBXFileReference; explicitFileType = wrapper.application; includeInIndex = 0; path = Testing.app; sourceTree = BUILT_PRODUCTS_DIR; };
		D2CFCA5F1D13687700927D9F /* AppDelegate.swift */ = {isa = PBXFileReference; lastKnownFileType = sourcecode.swift; path = AppDelegate.swift; sourceTree = "<group>"; };
		D2CFCA611D13687700927D9F /* ViewController.swift */ = {isa = PBXFileReference; lastKnownFileType = sourcecode.swift; path = ViewController.swift; sourceTree = "<group>"; };
		D2CFCA641D13687700927D9F /* Base */ = {isa = PBXFileReference; lastKnownFileType = file.storyboard; name = Base; path = Base.lproj/Main.storyboard; sourceTree = "<group>"; };
		D2CFCA661D13687700927D9F /* Assets.xcassets */ = {isa = PBXFileReference; lastKnownFileType = folder.assetcatalog; path = Assets.xcassets; sourceTree = "<group>"; };
		D2CFCA681D13687700927D9F /* Info.plist */ = {isa = PBXFileReference; lastKnownFileType = text.plist.xml; path = Info.plist; sourceTree = "<group>"; };
		D2CFCA6D1D13687700927D9F /* TestingTests.xctest */ = {isa = PBXFileReference; explicitFileType = wrapper.cfbundle; includeInIndex = 0; path = TestingTests.xctest; sourceTree = BUILT_PRODUCTS_DIR; };
		D2CFCA711D13687700927D9F /* TestingTests.swift */ = {isa = PBXFileReference; lastKnownFileType = sourcecode.swift; path = TestingTests.swift; sourceTree = "<group>"; };
		D2CFCA731D13687700927D9F /* Info.plist */ = {isa = PBXFileReference; lastKnownFileType = text.plist.xml; path = Info.plist; sourceTree = "<group>"; };
/* End PBXFileReference section */

/* Begin PBXFrameworksBuildPhase section */
		D2CFCA591D13687700927D9F /* Frameworks */ = {
			isa = PBXFrameworksBuildPhase;
			buildActionMask = 2147483647;
			files = (
			);
			runOnlyForDeploymentPostprocessing = 0;
		};
		D2CFCA6A1D13687700927D9F /* Frameworks */ = {
			isa = PBXFrameworksBuildPhase;
			buildActionMask = 2147483647;
			files = (
			);
			runOnlyForDeploymentPostprocessing = 0;
		};
/* End PBXFrameworksBuildPhase section */

/* Begin PBXGroup section */
		D2CFCA531D13687700927D9F = {
			isa = PBXGroup;
			children = (
				D2CFCA5E1D13687700927D9F /* Testing */,
				D2CFCA701D13687700927D9F /* TestingTests */,
				D2CFCA5D1D13687700927D9F /* Products */,
			);
			sourceTree = "<group>";
		};
		D2CFCA5D1D13687700927D9F /* Products */ = {
			isa = PBXGroup;
			children = (
				D2CFCA5C1D13687700927D9F /* Testing.app */,
				D2CFCA6D1D13687700927D9F /* TestingTests.xctest */,
			);
			name = Products;
			sourceTree = "<group>";
		};
		D2CFCA5E1D13687700927D9F /* Testing */ = {
			isa = PBXGroup;
			children = (
				D2CFCA5F1D13687700927D9F /* AppDelegate.swift */,
				D2CFCA611D13687700927D9F /* ViewController.swift */,
				D2CFCA631D13687700927D9F /* Main.storyboard */,
				D2CFCA661D13687700927D9F /* Assets.xcassets */,
				D2CFCA681D13687700927D9F /* Info.plist */,
			);
			path = Testing;
			sourceTree = "<group>";
		};
		D2CFCA701D13687700927D9F /* TestingTests */ = {
			isa = PBXGroup;
			children = (
				D2CFCA711D13687700927D9F /* TestingTests.swift */,
				D2CFCA731D13687700927D9F /* Info.plist */,
			);
			path = TestingTests;
			sourceTree = "<group>";
		};
/* End PBXGroup section */

/* Begin PBXNativeTarget section */
		D2CFCA5B1D13687700927D9F /* Testing */ = {
			isa = PBXNativeTarget;
			buildConfigurationList = D2CFCA761D13687700927D9F /* Build configuration list for PBXNativeTarget "Testing" */;
			buildPhases = (
				D2CFCA581D13687700927D9F /* Sources */,
				D2CFCA591D13687700927D9F /* Frameworks */,
				D2CFCA5A1D13687700927D9F /* Resources */,
			);
			buildRules = (
			);
			dependencies = (
			);
			name = Testing;
			productName = Testing;
			productReference = D2CFCA5C1D13687700927D9F /* Testing.app */;
			productType = "com.apple.product-type.application";
		};
		D2CFCA6C1D13687700927D9F /* TestingTests */ = {
			isa = PBXNativeTarget;
			buildConfigurationList = D2CFCA791D13687700927D9F /* Build configuration list for PBXNativeTarget "TestingTests" */;
			buildPhases = (
				D2CFCA691D13687700927D9F /* Sources */,
				D2CFCA6A1D13687700927D9F /* Frameworks */,
				D2CFCA6B1D13687700927D9F /* Resources */,
			);
			buildRules = (
			);
			dependencies = (
				D2CFCA6F1D13687700927D9F /* PBXTargetDependency */,
			);
			name = TestingTests;
			productName = TestingTests;
			productReference = D2CFCA6D1D13687700927D9F /* TestingTests.xctest */;
			productType = "com.apple.product-type.bundle.unit-test";
		};
/* End PBXNativeTarget section */

/* Begin PBXProject section */
		D2CFCA541D13687700927D9F /* Project object */ = {
			isa = PBXProject;
			attributes = {
				LastSwiftUpdateCheck = 0730;
				LastUpgradeCheck = 0730;
				ORGANIZATIONNAME = "Bash Me LLC";
				TargetAttributes = {
					D2CFCA5B1D13687700927D9F = {
						CreatedOnToolsVersion = 7.3.1;
					};
					D2CFCA6C1D13687700927D9F = {
						CreatedOnToolsVersion = 7.3.1;
						TestTargetID = D2CFCA5B1D13687700927D9F;
					};
				};
			};
			buildConfigurationList = D2CFCA571D13687700927D9F /* Build configuration list for PBXProject "Testing" */;
			compatibilityVersion = "Xcode 3.2";
			developmentRegion = English;
			hasScannedForEncodings = 0;
			knownRegions = (
				en,
				Base,
			);
			mainGroup = D2CFCA531D13687700927D9F;
			productRefGroup = D2CFCA5D1D13687700927D9F /* Products */;
			projectDirPath = "";
			projectRoot = "";
			targets = (
				D2CFCA5B1D13687700927D9F /* Testing */,
				D2CFCA6C1D13687700927D9F /* TestingTests */,
			);
		};
/* End PBXProject section */

/* Begin PBXResourcesBuildPhase section */
		D2CFCA5A1D13687700927D9F /* Resources */ = {
			isa = PBXResourcesBuildPhase;
			buildActionMask = 2147483647;
			files = (
				D2CFCA671D13687700927D9F /* Assets.xcassets in Resources */,
				D2CFCA651D13687700927D9F /* Main.storyboard in Resources */,
			);
			runOnlyForDeploymentPostprocessing = 0;
		};
		D2CFCA6B1D13687700927D9F /* Resources */ = {
			isa = PBXResourcesBuildPhase;
			buildActionMask = 2147483647;
			files = (
			);
			runOnlyForDeploymentPostprocessing = 0;
		};
/* End PBXResourcesBuildPhase section */

/* Begin PBXSourcesBuildPhase section */
		D2CFCA581D13687700927D9F /* Sources */ = {
			isa = PBXSourcesBuildPhase;
			buildActionMask = 2147483647;
			files = (
				D2CFCA621D13687700927D9F /* ViewController.swift in Sources */,
				D2CFCA601D13687700927D9F /* AppDelegate.swift in Sources */,
			);
			runOnlyForDeploymentPostprocessing = 0;
		};
		D2CFCA691D13687700927D9F /* Sources */ = {
			isa = PBXSourcesBuildPhase;
			buildActionMask = 2147483647;
			files = (
				D2CFCA721D13687700927D9F /* TestingTests.swift in Sources */,
			);
			runOnlyForDeploymentPostprocessing = 0;
		};
/* End PBXSourcesBuildPhase section */

/* Begin PBXTargetDependency section */
		D2CFCA6F1D13687700927D9F /* PBXTargetDependency */ = {
			isa = PBXTargetDependency;
			target = D2CFCA5B1D13687700927D9F /* Testing */;
			targetProxy = D2CFCA6E1D13687700927D9F /* PBXContainerItemProxy */;
		};
/* End PBXTargetDependency section */

/* Begin PBXVariantGroup section */
		D2CFCA631D13687700927D9F /* Main.storyboard */ = {
			isa = PBXVariantGroup;
			children = (
				D2CFCA641D13687700927D9F /* Base */,
			);
			name = Main.storyboard;
			sourceTree = "<group>";
		};
/* End PBXVariantGroup section */

/* Begin XCBuildConfiguration section */
		D2CFCA741D13687700927D9F /* Debug */ = {
			isa = XCBuildConfiguration;
			buildSettings = {
				ALWAYS_SEARCH_USER_PATHS = NO;
				CLANG_ANALYZER_NONNULL = YES;
				CLANG_CXX_LANGUAGE_STANDARD = "gnu++0x";
				CLANG_CXX_LIBRARY = "libc++";
				CLANG_ENABLE_MODULES = YES;
				CLANG_ENABLE_OBJC_ARC = YES;
				CLANG_WARN_BOOL_CONVERSION = YES;
				CLANG_WARN_CONSTANT_CONVERSION = YES;
				CLANG_WARN_DIRECT_OBJC_ISA_USAGE = YES_ERROR;
				CLANG_WARN_EMPTY_BODY = YES;
				CLANG_WARN_ENUM_CONVERSION = YES;
				CLANG_WARN_INT_CONVERSION = YES;
				CLANG_WARN_OBJC_ROOT_CLASS = YES_ERROR;
				CLANG_WARN_UNREACHABLE_CODE = YES;
				CLANG_WARN__DUPLICATE_METHOD_MATCH = YES;
				COPY_PHASE_STRIP = NO;
				DEBUG_INFORMATION_FORMAT = dwarf;
				ENABLE_STRICT_OBJC_MSGSEND = YES;
				ENABLE_TESTABILITY = YES;
				GCC_C_LANGUAGE_STANDARD = gnu99;
				GCC_DYNAMIC_NO_PIC = NO;
				GCC_NO_COMMON_BLOCKS = YES;
				GCC_OPTIMIZATION_LEVEL = 0;
				GCC_PREPROCESSOR_DEFINITIONS = (
					"DEBUG=1",
					"$(inherited)",
				);
				GCC_WARN_64_TO_32_BIT_CONVERSION = YES;
				GCC_WARN_ABOUT_RETURN_TYPE = YES_ERROR;
				GCC_WARN_UNDECLARED_SELECTOR = YES;
				GCC_WARN_UNINITIALIZED_AUTOS = YES_AGGRESSIVE;
				GCC_WARN_UNUSED_FUNCTION = YES;
				GCC_WARN_UNUSED_VARIABLE = YES;
				MTL_ENABLE_DEBUG_INFO = YES;
				ONLY_ACTIVE_ARCH = YES;
				SDKROOT = appletvos;
				SWIFT_OPTIMIZATION_LEVEL = "-Onone";
				TARGETED_DEVICE_FAMILY = 3;
				TVOS_DEPLOYMENT_TARGET = 9.2;
			};
			name = Debug;
		};
		D2CFCA751D13687700927D9F /* Release */ = {
			isa = XCBuildConfiguration;
			buildSettings = {
				ALWAYS_SEARCH_USER_PATHS = NO;
				CLANG_ANALYZER_NONNULL = YES;
				CLANG_CXX_LANGUAGE_STANDARD = "gnu++0x";
				CLANG_CXX_LIBRARY = "libc++";
				CLANG_ENABLE_MODULES = YES;
				CLANG_ENABLE_OBJC_ARC = YES;
				CLANG_WARN_BOOL_CONVERSION = YES;
				CLANG_WARN_CONSTANT_CONVERSION = YES;
				CLANG_WARN_DIRECT_OBJC_ISA_USAGE = YES_ERROR;
				CLANG_WARN_EMPTY_BODY = YES;
				CLANG_WARN_ENUM_CONVERSION = YES;
				CLANG_WARN_INT_CONVERSION = YES;
				CLANG_WARN_OBJC_ROOT_CLASS = YES_ERROR;
				CLANG_WARN_UNREACHABLE_CODE = YES;
				CLANG_WARN__DUPLICATE_METHOD_MATCH = YES;
				COPY_PHASE_STRIP = NO;
				DEBUG_INFORMATION_FORMAT = "dwarf-with-dsym";
				ENABLE_NS_ASSERTIONS = NO;
				ENABLE_STRICT_OBJC_MSGSEND = YES;
				GCC_C_LANGUAGE_STANDARD = gnu99;
				GCC_NO_COMMON_BLOCKS = YES;
				GCC_WARN_64_TO_32_BIT_CONVERSION = YES;
				GCC_WARN_ABOUT_RETURN_TYPE = YES_ERROR;
				GCC_WARN_UNDECLARED_SELECTOR = YES;
				GCC_WARN_UNINITIALIZED_AUTOS = YES_AGGRESSIVE;
				GCC_WARN_UNUSED_FUNCTION = YES;
				GCC_WARN_UNUSED_VARIABLE = YES;
				MTL_ENABLE_DEBUG_INFO = NO;
				SDKROOT = appletvos;
				TARGETED_DEVICE_FAMILY = 3;
				TVOS_DEPLOYMENT_TARGET = 9.2;
				VALIDATE_PRODUCT = YES;
			};
			name = Release;
		};
		D2CFCA771D13687700927D9F /* Debug */ = {
			isa = XCBuildConfiguration;
			buildSettings = {
				ASSETCATALOG_COMPILER_APPICON_NAME = "App Icon & Top Shelf Image";
				ASSETCATALOG_COMPILER_LAUNCHIMAGE_NAME = LaunchImage;
				INFOPLIST_FILE = Testing/Info.plist;
				LD_RUNPATH_SEARCH_PATHS = "$(inherited) @executable_path/Frameworks";
				PRODUCT_BUNDLE_IDENTIFIER = bashme.org.Testing;
				PRODUCT_NAME = "$(TARGET_NAME)";
			};
			name = Debug;
		};
		D2CFCA781D13687700927D9F /* Release */ = {
			isa = XCBuildConfiguration;
			buildSettings = {
				ASSETCATALOG_COMPILER_APPICON_NAME = "App Icon & Top Shelf Image";
				ASSETCATALOG_COMPILER_LAUNCHIMAGE_NAME = LaunchImage;
				INFOPLIST_FILE = Testing/Info.plist;
				LD_RUNPATH_SEARCH_PATHS = "$(inherited) @executable_path/Frameworks";
				PRODUCT_BUNDLE_IDENTIFIER = bashme.org.Testing;
				PRODUCT_NAME = "$(TARGET_NAME)";
			};
			name = Release;
		};
		D2CFCA7A1D13687700927D9F /* Debug */ = {
			isa = XCBuildConfiguration;
			buildSettings = {
				BUNDLE_LOADER = "$(TEST_HOST)";
				INFOPLIST_FILE = TestingTests/Info.plist;
				LD_RUNPATH_SEARCH_PATHS = "$(inherited) @executable_path/Frameworks @loader_path/Frameworks";
				PRODUCT_BUNDLE_IDENTIFIER = bashme.org.TestingTests;
				PRODUCT_NAME = "$(TARGET_NAME)";
				TEST_HOST = "$(BUILT_PRODUCTS_DIR)/Testing.app/Testing";
			};
			name = Debug;
		};
		D2CFCA7B1D13687700927D9F /* Release */ = {
			isa = XCBuildConfiguration;
			buildSettings = {
				BUNDLE_LOADER = "$(TEST_HOST)";
				INFOPLIST_FILE = TestingTests/Info.plist;
				LD_RUNPATH_SEARCH_PATHS = "$(inherited) @executable_path/Frameworks @loader_path/Frameworks";
				PRODUCT_BUNDLE_IDENTIFIER = bashme.org.TestingTests;
				PRODUCT_NAME = "$(TARGET_NAME)";
				TEST_HOST = "$(BUILT_PRODUCTS_DIR)/Testing.app/Testing";
			};
			name = Release;
		};
/* End XCBuildConfiguration section */

/* Begin XCConfigurationList section */
		D2CFCA571D13687700927D9F /* Build configuration list for PBXProject "Testing" */ = {
			isa = XCConfigurationList;
			buildConfigurations = (
				D2CFCA741D13687700927D9F /* Debug */,
				D2CFCA751D13687700927D9F /* Release */,
			);
			defaultConfigurationIsVisible = 0;
			defaultConfigurationName = Release;
		};
		D2CFCA761D13687700927D9F /* Build configuration list for PBXNativeTarget "Testing" */ = {
			isa = XCConfigurationList;
			buildConfigurations = (
				D2CFCA771D13687700927D9F /* Debug */,
				D2CFCA781D13687700927D9F /* Release */,
			);
			defaultConfigurationIsVisible = 0;
		};
		D2CFCA791D13687700927D9F /* Build configuration list for PBXNativeTarget "TestingTests" */ = {
			isa = XCConfigurationList;
			buildConfigurations = (
				D2CFCA7A1D13687700927D9F /* Debug */,
				D2CFCA7B1D13687700927D9F /* Release */,
			);
			defaultConfigurationIsVisible = 0;
		};
/* End XCConfigurationList section */
	};
	rootObject = D2CFCA541D13687700927D9F /* Project object */;
}
